// !$*UTF8*$!
{
	archiveVersion = 1;
	classes = {
	};
	objectVersion = 77;
	objects = {

/* Begin PBXContainerItemProxy section */
		270371C22D06CDDB004A98BD /* PBXContainerItemProxy */ = {
			isa = PBXContainerItemProxy;
			containerPortal = 270371A92D06CDDA004A98BD /* Project object */;
			proxyType = 1;
			remoteGlobalIDString = 270371B02D06CDDA004A98BD;
			remoteInfo = "Bandgig money divider";
		};
		270371CC2D06CDDB004A98BD /* PBXContainerItemProxy */ = {
			isa = PBXContainerItemProxy;
			containerPortal = 270371A92D06CDDA004A98BD /* Project object */;
			proxyType = 1;
			remoteGlobalIDString = 270371B02D06CDDA004A98BD;
			remoteInfo = "Bandgig money divider";
		};
/* End PBXContainerItemProxy section */

/* Begin PBXFileReference section */
		270371B12D06CDDA004A98BD /* Bandgig money divider.app */ = {isa = PBXFileReference; explicitFileType = wrapper.application; includeInIndex = 0; path = "Bandgig money divider.app"; sourceTree = BUILT_PRODUCTS_DIR; };
		270371C12D06CDDB004A98BD /* Bandgig money dividerTests.xctest */ = {isa = PBXFileReference; explicitFileType = wrapper.cfbundle; includeInIndex = 0; path = "Bandgig money dividerTests.xctest"; sourceTree = BUILT_PRODUCTS_DIR; };
		270371CB2D06CDDB004A98BD /* Bandgig money dividerUITests.xctest */ = {isa = PBXFileReference; explicitFileType = wrapper.cfbundle; includeInIndex = 0; path = "Bandgig money dividerUITests.xctest"; sourceTree = BUILT_PRODUCTS_DIR; };
/* End PBXFileReference section */

/* Begin PBXFileSystemSynchronizedRootGroup section */
		270371B32D06CDDA004A98BD /* Bandgig money divider */ = {
			isa = PBXFileSystemSynchronizedRootGroup;
			path = "Bandgig money divider";
			sourceTree = "<group>";
		};
		270371C42D06CDDB004A98BD /* Bandgig money dividerTests */ = {
			isa = PBXFileSystemSynchronizedRootGroup;
			path = "Bandgig money dividerTests";
			sourceTree = "<group>";
		};
		270371CE2D06CDDB004A98BD /* Bandgig money dividerUITests */ = {
			isa = PBXFileSystemSynchronizedRootGroup;
			path = "Bandgig money dividerUITests";
			sourceTree = "<group>";
		};
/* End PBXFileSystemSynchronizedRootGroup section */

/* Begin PBXFrameworksBuildPhase section */
		270371AE2D06CDDA004A98BD /* Frameworks */ = {
			isa = PBXFrameworksBuildPhase;
			buildActionMask = 2147483647;
			files = (
			);
			runOnlyForDeploymentPostprocessing = 0;
		};
		270371BE2D06CDDB004A98BD /* Frameworks */ = {
			isa = PBXFrameworksBuildPhase;
			buildActionMask = 2147483647;
			files = (
			);
			runOnlyForDeploymentPostprocessing = 0;
		};
		270371C82D06CDDB004A98BD /* Frameworks */ = {
			isa = PBXFrameworksBuildPhase;
			buildActionMask = 2147483647;
			files = (
			);
			runOnlyForDeploymentPostprocessing = 0;
		};
/* End PBXFrameworksBuildPhase section */

/* Begin PBXGroup section */
		270371A82D06CDDA004A98BD = {
			isa = PBXGroup;
			children = (
				270371B32D06CDDA004A98BD /* Bandgig money divider */,
				270371C42D06CDDB004A98BD /* Bandgig money dividerTests */,
				270371CE2D06CDDB004A98BD /* Bandgig money dividerUITests */,
				270371B22D06CDDA004A98BD /* Products */,
			);
			sourceTree = "<group>";
		};
		270371B22D06CDDA004A98BD /* Products */ = {
			isa = PBXGroup;
			children = (
				270371B12D06CDDA004A98BD /* Bandgig money divider.app */,
				270371C12D06CDDB004A98BD /* Bandgig money dividerTests.xctest */,
				270371CB2D06CDDB004A98BD /* Bandgig money dividerUITests.xctest */,
			);
			name = Products;
			sourceTree = "<group>";
		};
/* End PBXGroup section */

/* Begin PBXNativeTarget section */
		270371B02D06CDDA004A98BD /* Bandgig money divider */ = {
			isa = PBXNativeTarget;
			buildConfigurationList = 270371D52D06CDDB004A98BD /* Build configuration list for PBXNativeTarget "Bandgig money divider" */;
			buildPhases = (
				270371AD2D06CDDA004A98BD /* Sources */,
				270371AE2D06CDDA004A98BD /* Frameworks */,
				270371AF2D06CDDA004A98BD /* Resources */,
			);
			buildRules = (
			);
			dependencies = (
			);
			fileSystemSynchronizedGroups = (
				270371B32D06CDDA004A98BD /* Bandgig money divider */,
			);
			name = "Bandgig money divider";
			packageProductDependencies = (
			);
			productName = "Bandgig money divider";
			productReference = 270371B12D06CDDA004A98BD /* Bandgig money divider.app */;
			productType = "com.apple.product-type.application";
		};
		270371C02D06CDDB004A98BD /* Bandgig money dividerTests */ = {
			isa = PBXNativeTarget;
			buildConfigurationList = 270371D82D06CDDB004A98BD /* Build configuration list for PBXNativeTarget "Bandgig money dividerTests" */;
			buildPhases = (
				270371BD2D06CDDB004A98BD /* Sources */,
				270371BE2D06CDDB004A98BD /* Frameworks */,
				270371BF2D06CDDB004A98BD /* Resources */,
			);
			buildRules = (
			);
			dependencies = (
				270371C32D06CDDB004A98BD /* PBXTargetDependency */,
			);
			fileSystemSynchronizedGroups = (
				270371C42D06CDDB004A98BD /* Bandgig money dividerTests */,
			);
			name = "Bandgig money dividerTests";
			packageProductDependencies = (
			);
			productName = "Bandgig money dividerTests";
			productReference = 270371C12D06CDDB004A98BD /* Bandgig money dividerTests.xctest */;
			productType = "com.apple.product-type.bundle.unit-test";
		};
		270371CA2D06CDDB004A98BD /* Bandgig money dividerUITests */ = {
			isa = PBXNativeTarget;
			buildConfigurationList = 270371DB2D06CDDB004A98BD /* Build configuration list for PBXNativeTarget "Bandgig money dividerUITests" */;
			buildPhases = (
				270371C72D06CDDB004A98BD /* Sources */,
				270371C82D06CDDB004A98BD /* Frameworks */,
				270371C92D06CDDB004A98BD /* Resources */,
			);
			buildRules = (
			);
			dependencies = (
				270371CD2D06CDDB004A98BD /* PBXTargetDependency */,
			);
			fileSystemSynchronizedGroups = (
				270371CE2D06CDDB004A98BD /* Bandgig money dividerUITests */,
			);
			name = "Bandgig money dividerUITests";
			packageProductDependencies = (
			);
			productName = "Bandgig money dividerUITests";
			productReference = 270371CB2D06CDDB004A98BD /* Bandgig money dividerUITests.xctest */;
			productType = "com.apple.product-type.bundle.ui-testing";
		};
/* End PBXNativeTarget section */

/* Begin PBXProject section */
		270371A92D06CDDA004A98BD /* Project object */ = {
			isa = PBXProject;
			attributes = {
				BuildIndependentTargetsInParallel = 1;
				LastSwiftUpdateCheck = 1610;
				LastUpgradeCheck = 1610;
				TargetAttributes = {
					270371B02D06CDDA004A98BD = {
						CreatedOnToolsVersion = 16.1;
					};
					270371C02D06CDDB004A98BD = {
						CreatedOnToolsVersion = 16.1;
						TestTargetID = 270371B02D06CDDA004A98BD;
					};
					270371CA2D06CDDB004A98BD = {
						CreatedOnToolsVersion = 16.1;
						TestTargetID = 270371B02D06CDDA004A98BD;
					};
				};
			};
			buildConfigurationList = 270371AC2D06CDDA004A98BD /* Build configuration list for PBXProject "Bandgig money divider" */;
			developmentRegion = en;
			hasScannedForEncodings = 0;
			knownRegions = (
				en,
				Base,
			);
			mainGroup = 270371A82D06CDDA004A98BD;
			minimizedProjectReferenceProxies = 1;
			preferredProjectObjectVersion = 77;
			productRefGroup = 270371B22D06CDDA004A98BD /* Products */;
			projectDirPath = "";
			projectRoot = "";
			targets = (
				270371B02D06CDDA004A98BD /* Bandgig money divider */,
				270371C02D06CDDB004A98BD /* Bandgig money dividerTests */,
				270371CA2D06CDDB004A98BD /* Bandgig money dividerUITests */,
			);
		};
/* End PBXProject section */

/* Begin PBXResourcesBuildPhase section */
		270371AF2D06CDDA004A98BD /* Resources */ = {
			isa = PBXResourcesBuildPhase;
			buildActionMask = 2147483647;
			files = (
			);
			runOnlyForDeploymentPostprocessing = 0;
		};
		270371BF2D06CDDB004A98BD /* Resources */ = {
			isa = PBXResourcesBuildPhase;
			buildActionMask = 2147483647;
			files = (
			);
			runOnlyForDeploymentPostprocessing = 0;
		};
		270371C92D06CDDB004A98BD /* Resources */ = {
			isa = PBXResourcesBuildPhase;
			buildActionMask = 2147483647;
			files = (
			);
			runOnlyForDeploymentPostprocessing = 0;
		};
/* End PBXResourcesBuildPhase section */

/* Begin PBXSourcesBuildPhase section */
		270371AD2D06CDDA004A98BD /* Sources */ = {
			isa = PBXSourcesBuildPhase;
			buildActionMask = 2147483647;
			files = (
			);
			runOnlyForDeploymentPostprocessing = 0;
		};
		270371BD2D06CDDB004A98BD /* Sources */ = {
			isa = PBXSourcesBuildPhase;
			buildActionMask = 2147483647;
			files = (
			);
			runOnlyForDeploymentPostprocessing = 0;
		};
		270371C72D06CDDB004A98BD /* Sources */ = {
			isa = PBXSourcesBuildPhase;
			buildActionMask = 2147483647;
			files = (
			);
			runOnlyForDeploymentPostprocessing = 0;
		};
/* End PBXSourcesBuildPhase section */

/* Begin PBXTargetDependency section */
		270371C32D06CDDB004A98BD /* PBXTargetDependency */ = {
			isa = PBXTargetDependency;
			target = 270371B02D06CDDA004A98BD /* Bandgig money divider */;
			targetProxy = 270371C22D06CDDB004A98BD /* PBXContainerItemProxy */;
		};
		270371CD2D06CDDB004A98BD /* PBXTargetDependency */ = {
			isa = PBXTargetDependency;
			target = 270371B02D06CDDA004A98BD /* Bandgig money divider */;
			targetProxy = 270371CC2D06CDDB004A98BD /* PBXContainerItemProxy */;
		};
/* End PBXTargetDependency section */

/* Begin XCBuildConfiguration section */
		270371D32D06CDDB004A98BD /* Debug */ = {
			isa = XCBuildConfiguration;
			buildSettings = {
				ALWAYS_SEARCH_USER_PATHS = NO;
				ASSETCATALOG_COMPILER_GENERATE_SWIFT_ASSET_SYMBOL_EXTENSIONS = YES;
				CLANG_ANALYZER_NONNULL = YES;
				CLANG_ANALYZER_NUMBER_OBJECT_CONVERSION = YES_AGGRESSIVE;
				CLANG_CXX_LANGUAGE_STANDARD = "gnu++20";
				CLANG_ENABLE_MODULES = YES;
				CLANG_ENABLE_OBJC_ARC = YES;
				CLANG_ENABLE_OBJC_WEAK = YES;
				CLANG_WARN_BLOCK_CAPTURE_AUTORELEASING = YES;
				CLANG_WARN_BOOL_CONVERSION = YES;
				CLANG_WARN_COMMA = YES;
				CLANG_WARN_CONSTANT_CONVERSION = YES;
				CLANG_WARN_DEPRECATED_OBJC_IMPLEMENTATIONS = YES;
				CLANG_WARN_DIRECT_OBJC_ISA_USAGE = YES_ERROR;
				CLANG_WARN_DOCUMENTATION_COMMENTS = YES;
				CLANG_WARN_EMPTY_BODY = YES;
				CLANG_WARN_ENUM_CONVERSION = YES;
				CLANG_WARN_INFINITE_RECURSION = YES;
				CLANG_WARN_INT_CONVERSION = YES;
				CLANG_WARN_NON_LITERAL_NULL_CONVERSION = YES;
				CLANG_WARN_OBJC_IMPLICIT_RETAIN_SELF = YES;
				CLANG_WARN_OBJC_LITERAL_CONVERSION = YES;
				CLANG_WARN_OBJC_ROOT_CLASS = YES_ERROR;
				CLANG_WARN_QUOTED_INCLUDE_IN_FRAMEWORK_HEADER = YES;
				CLANG_WARN_RANGE_LOOP_ANALYSIS = YES;
				CLANG_WARN_STRICT_PROTOTYPES = YES;
				CLANG_WARN_SUSPICIOUS_MOVE = YES;
				CLANG_WARN_UNGUARDED_AVAILABILITY = YES_AGGRESSIVE;
				CLANG_WARN_UNREACHABLE_CODE = YES;
				CLANG_WARN__DUPLICATE_METHOD_MATCH = YES;
				COPY_PHASE_STRIP = NO;
				DEBUG_INFORMATION_FORMAT = dwarf;
				ENABLE_STRICT_OBJC_MSGSEND = YES;
				ENABLE_TESTABILITY = YES;
				ENABLE_USER_SCRIPT_SANDBOXING = YES;
				GCC_C_LANGUAGE_STANDARD = gnu17;
				GCC_DYNAMIC_NO_PIC = NO;
				GCC_NO_COMMON_BLOCKS = YES;
				GCC_OPTIMIZATION_LEVEL = 0;
				GCC_PREPROCESSOR_DEFINITIONS = (
					"DEBUG=1",
					"$(inherited)",
				);
				GCC_WARN_64_TO_32_BIT_CONVERSION = YES;
				GCC_WARN_ABOUT_RETURN_TYPE = YES_ERROR;
				GCC_WARN_UNDECLARED_SELECTOR = YES;
				GCC_WARN_UNINITIALIZED_AUTOS = YES_AGGRESSIVE;
				GCC_WARN_UNUSED_FUNCTION = YES;
				GCC_WARN_UNUSED_VARIABLE = YES;
				IPHONEOS_DEPLOYMENT_TARGET = 18.1;
				LOCALIZATION_PREFERS_STRING_CATALOGS = YES;
				MTL_ENABLE_DEBUG_INFO = INCLUDE_SOURCE;
				MTL_FAST_MATH = YES;
				ONLY_ACTIVE_ARCH = YES;
				SDKROOT = iphoneos;
				SWIFT_ACTIVE_COMPILATION_CONDITIONS = "DEBUG $(inherited)";
				SWIFT_OPTIMIZATION_LEVEL = "-Onone";
			};
			name = Debug;
		};
		270371D42D06CDDB004A98BD /* Release */ = {
			isa = XCBuildConfiguration;
			buildSettings = {
				ALWAYS_SEARCH_USER_PATHS = NO;
				ASSETCATALOG_COMPILER_GENERATE_SWIFT_ASSET_SYMBOL_EXTENSIONS = YES;
				CLANG_ANALYZER_NONNULL = YES;
				CLANG_ANALYZER_NUMBER_OBJECT_CONVERSION = YES_AGGRESSIVE;
				CLANG_CXX_LANGUAGE_STANDARD = "gnu++20";
				CLANG_ENABLE_MODULES = YES;
				CLANG_ENABLE_OBJC_ARC = YES;
				CLANG_ENABLE_OBJC_WEAK = YES;
				CLANG_WARN_BLOCK_CAPTURE_AUTORELEASING = YES;
				CLANG_WARN_BOOL_CONVERSION = YES;
				CLANG_WARN_COMMA = YES;
				CLANG_WARN_CONSTANT_CONVERSION = YES;
				CLANG_WARN_DEPRECATED_OBJC_IMPLEMENTATIONS = YES;
				CLANG_WARN_DIRECT_OBJC_ISA_USAGE = YES_ERROR;
				CLANG_WARN_DOCUMENTATION_COMMENTS = YES;
				CLANG_WARN_EMPTY_BODY = YES;
				CLANG_WARN_ENUM_CONVERSION = YES;
				CLANG_WARN_INFINITE_RECURSION = YES;
				CLANG_WARN_INT_CONVERSION = YES;
				CLANG_WARN_NON_LITERAL_NULL_CONVERSION = YES;
				CLANG_WARN_OBJC_IMPLICIT_RETAIN_SELF = YES;
				CLANG_WARN_OBJC_LITERAL_CONVERSION = YES;
				CLANG_WARN_OBJC_ROOT_CLASS = YES_ERROR;
				CLANG_WARN_QUOTED_INCLUDE_IN_FRAMEWORK_HEADER = YES;
				CLANG_WARN_RANGE_LOOP_ANALYSIS = YES;
				CLANG_WARN_STRICT_PROTOTYPES = YES;
				CLANG_WARN_SUSPICIOUS_MOVE = YES;
				CLANG_WARN_UNGUARDED_AVAILABILITY = YES_AGGRESSIVE;
				CLANG_WARN_UNREACHABLE_CODE = YES;
				CLANG_WARN__DUPLICATE_METHOD_MATCH = YES;
				COPY_PHASE_STRIP = NO;
				DEBUG_INFORMATION_FORMAT = "dwarf-with-dsym";
				ENABLE_NS_ASSERTIONS = NO;
				ENABLE_STRICT_OBJC_MSGSEND = YES;
				ENABLE_USER_SCRIPT_SANDBOXING = YES;
				GCC_C_LANGUAGE_STANDARD = gnu17;
				GCC_NO_COMMON_BLOCKS = YES;
				GCC_WARN_64_TO_32_BIT_CONVERSION = YES;
				GCC_WARN_ABOUT_RETURN_TYPE = YES_ERROR;
				GCC_WARN_UNDECLARED_SELECTOR = YES;
				GCC_WARN_UNINITIALIZED_AUTOS = YES_AGGRESSIVE;
				GCC_WARN_UNUSED_FUNCTION = YES;
				GCC_WARN_UNUSED_VARIABLE = YES;
				IPHONEOS_DEPLOYMENT_TARGET = 18.1;
				LOCALIZATION_PREFERS_STRING_CATALOGS = YES;
				MTL_ENABLE_DEBUG_INFO = NO;
				MTL_FAST_MATH = YES;
				SDKROOT = iphoneos;
				SWIFT_COMPILATION_MODE = wholemodule;
				VALIDATE_PRODUCT = YES;
			};
			name = Release;
		};
		270371D62D06CDDB004A98BD /* Debug */ = {
			isa = XCBuildConfiguration;
			buildSettings = {
				ASSETCATALOG_COMPILER_APPICON_NAME = AppIcon;
				ASSETCATALOG_COMPILER_GLOBAL_ACCENT_COLOR_NAME = AccentColor;
				CODE_SIGN_STYLE = Automatic;
				CURRENT_PROJECT_VERSION = 1;
				DEVELOPMENT_ASSET_PATHS = "\"Bandgig money divider/Preview Content\"";
				DEVELOPMENT_TEAM = 93RPWU4V26;
				ENABLE_PREVIEWS = YES;
				GENERATE_INFOPLIST_FILE = YES;
				INFOPLIST_KEY_UIApplicationSceneManifest_Generation = YES;
				INFOPLIST_KEY_UIApplicationSupportsIndirectInputEvents = YES;
				INFOPLIST_KEY_UILaunchScreen_Generation = YES;
				INFOPLIST_KEY_UISupportedInterfaceOrientations_iPad = "UIInterfaceOrientationPortrait UIInterfaceOrientationPortraitUpsideDown UIInterfaceOrientationLandscapeLeft UIInterfaceOrientationLandscapeRight";
				INFOPLIST_KEY_UISupportedInterfaceOrientations_iPhone = "UIInterfaceOrientationPortrait UIInterfaceOrientationLandscapeLeft UIInterfaceOrientationLandscapeRight";
				LD_RUNPATH_SEARCH_PATHS = (
					"$(inherited)",
					"@executable_path/Frameworks",
				);
				MARKETING_VERSION = 1.0;
				PRODUCT_BUNDLE_IDENTIFIER = "kongsjorden-studio.Bandgig-money-divider";
				PRODUCT_NAME = "$(TARGET_NAME)";
				SWIFT_EMIT_LOC_STRINGS = YES;
				SWIFT_VERSION = 5.0;
				TARGETED_DEVICE_FAMILY = "1,2";
			};
			name = Debug;
		};
		270371D72D06CDDB004A98BD /* Release */ = {
			isa = XCBuildConfiguration;
			buildSettings = {
				ASSETCATALOG_COMPILER_APPICON_NAME = AppIcon;
				ASSETCATALOG_COMPILER_GLOBAL_ACCENT_COLOR_NAME = AccentColor;
				CODE_SIGN_STYLE = Automatic;
				CURRENT_PROJECT_VERSION = 1;
				DEVELOPMENT_ASSET_PATHS = "\"Bandgig money divider/Preview Content\"";
				DEVELOPMENT_TEAM = 93RPWU4V26;
				ENABLE_PREVIEWS = YES;
				GENERATE_INFOPLIST_FILE = YES;
				INFOPLIST_KEY_UIApplicationSceneManifest_Generation = YES;
				INFOPLIST_KEY_UIApplicationSupportsIndirectInputEvents = YES;
				INFOPLIST_KEY_UILaunchScreen_Generation = YES;
				INFOPLIST_KEY_UISupportedInterfaceOrientations_iPad = "UIInterfaceOrientationPortrait UIInterfaceOrientationPortraitUpsideDown UIInterfaceOrientationLandscapeLeft UIInterfaceOrientationLandscapeRight";
				INFOPLIST_KEY_UISupportedInterfaceOrientations_iPhone = "UIInterfaceOrientationPortrait UIInterfaceOrientationLandscapeLeft UIInterfaceOrientationLandscapeRight";
				LD_RUNPATH_SEARCH_PATHS = (
					"$(inherited)",
					"@executable_path/Frameworks",
				);
				MARKETING_VERSION = 1.0;
				PRODUCT_BUNDLE_IDENTIFIER = "kongsjorden-studio.Bandgig-money-divider";
				PRODUCT_NAME = "$(TARGET_NAME)";
				SWIFT_EMIT_LOC_STRINGS = YES;
				SWIFT_VERSION = 5.0;
				TARGETED_DEVICE_FAMILY = "1,2";
			};
			name = Release;
		};
		270371D92D06CDDB004A98BD /* Debug */ = {
			isa = XCBuildConfiguration;
			buildSettings = {
				BUNDLE_LOADER = "$(TEST_HOST)";
				CODE_SIGN_STYLE = Automatic;
				CURRENT_PROJECT_VERSION = 1;
				DEVELOPMENT_TEAM = 93RPWU4V26;
				GENERATE_INFOPLIST_FILE = YES;
				IPHONEOS_DEPLOYMENT_TARGET = 18.1;
				MARKETING_VERSION = 1.0;
				PRODUCT_BUNDLE_IDENTIFIER = "kongsjorden-studio.Bandgig-money-dividerTests";
				PRODUCT_NAME = "$(TARGET_NAME)";
				SWIFT_EMIT_LOC_STRINGS = NO;
				SWIFT_VERSION = 5.0;
				TARGETED_DEVICE_FAMILY = "1,2";
				TEST_HOST = "$(BUILT_PRODUCTS_DIR)/Bandgig money divider.app/$(BUNDLE_EXECUTABLE_FOLDER_PATH)/Bandgig money divider";
			};
			name = Debug;
		};
		270371DA2D06CDDB004A98BD /* Release */ = {
			isa = XCBuildConfiguration;
			buildSettings = {
				BUNDLE_LOADER = "$(TEST_HOST)";
				CODE_SIGN_STYLE = Automatic;
				CURRENT_PROJECT_VERSION = 1;
				DEVELOPMENT_TEAM = 93RPWU4V26;
				GENERATE_INFOPLIST_FILE = YES;
				IPHONEOS_DEPLOYMENT_TARGET = 18.1;
				MARKETING_VERSION = 1.0;
				PRODUCT_BUNDLE_IDENTIFIER = "kongsjorden-studio.Bandgig-money-dividerTests";
				PRODUCT_NAME = "$(TARGET_NAME)";
				SWIFT_EMIT_LOC_STRINGS = NO;
				SWIFT_VERSION = 5.0;
				TARGETED_DEVICE_FAMILY = "1,2";
				TEST_HOST = "$(BUILT_PRODUCTS_DIR)/Bandgig money divider.app/$(BUNDLE_EXECUTABLE_FOLDER_PATH)/Bandgig money divider";
			};
			name = Release;
		};
		270371DC2D06CDDB004A98BD /* Debug */ = {
			isa = XCBuildConfiguration;
			buildSettings = {
				CODE_SIGN_STYLE = Automatic;
				CURRENT_PROJECT_VERSION = 1;
				DEVELOPMENT_TEAM = 93RPWU4V26;
				GENERATE_INFOPLIST_FILE = YES;
				MARKETING_VERSION = 1.0;
				PRODUCT_BUNDLE_IDENTIFIER = "kongsjorden-studio.Bandgig-money-dividerUITests";
				PRODUCT_NAME = "$(TARGET_NAME)";
				SWIFT_EMIT_LOC_STRINGS = NO;
				SWIFT_VERSION = 5.0;
				TARGETED_DEVICE_FAMILY = "1,2";
				TEST_TARGET_NAME = "Bandgig money divider";
			};
			name = Debug;
		};
		270371DD2D06CDDB004A98BD /* Release */ = {
			isa = XCBuildConfiguration;
			buildSettings = {
				CODE_SIGN_STYLE = Automatic;
				CURRENT_PROJECT_VERSION = 1;
				DEVELOPMENT_TEAM = 93RPWU4V26;
				GENERATE_INFOPLIST_FILE = YES;
				MARKETING_VERSION = 1.0;
				PRODUCT_BUNDLE_IDENTIFIER = "kongsjorden-studio.Bandgig-money-dividerUITests";
				PRODUCT_NAME = "$(TARGET_NAME)";
				SWIFT_EMIT_LOC_STRINGS = NO;
				SWIFT_VERSION = 5.0;
				TARGETED_DEVICE_FAMILY = "1,2";
				TEST_TARGET_NAME = "Bandgig money divider";
			};
			name = Release;
		};
/* End XCBuildConfiguration section */

/* Begin XCConfigurationList section */
		270371AC2D06CDDA004A98BD /* Build configuration list for PBXProject "Bandgig money divider" */ = {
			isa = XCConfigurationList;
			buildConfigurations = (
				270371D32D06CDDB004A98BD /* Debug */,
				270371D42D06CDDB004A98BD /* Release */,
			);
			defaultConfigurationIsVisible = 0;
			defaultConfigurationName = Release;
		};
		270371D52D06CDDB004A98BD /* Build configuration list for PBXNativeTarget "Bandgig money divider" */ = {
			isa = XCConfigurationList;
			buildConfigurations = (
				270371D62D06CDDB004A98BD /* Debug */,
				270371D72D06CDDB004A98BD /* Release */,
			);
			defaultConfigurationIsVisible = 0;
			defaultConfigurationName = Release;
		};
		270371D82D06CDDB004A98BD /* Build configuration list for PBXNativeTarget "Bandgig money dividerTests" */ = {
			isa = XCConfigurationList;
			buildConfigurations = (
				270371D92D06CDDB004A98BD /* Debug */,
				270371DA2D06CDDB004A98BD /* Release */,
			);
			defaultConfigurationIsVisible = 0;
			defaultConfigurationName = Release;
		};
		270371DB2D06CDDB004A98BD /* Build configuration list for PBXNativeTarget "Bandgig money dividerUITests" */ = {
			isa = XCConfigurationList;
			buildConfigurations = (
				270371DC2D06CDDB004A98BD /* Debug */,
				270371DD2D06CDDB004A98BD /* Release */,
			);
			defaultConfigurationIsVisible = 0;
			defaultConfigurationName = Release;
		};
/* End XCConfigurationList section */
	};
	rootObject = 270371A92D06CDDA004A98BD /* Project object */;
}
